
Microsoft Visual Studio Solution File, Format Version 12.00
# Visual Studio Version 17
VisualStudioVersion = 17.13.35818.85 d17.13
MinimumVisualStudioVersion = 10.0.40219.1
Project("{FAE04EC0-301F-11D3-BF4B-00C04F79EFBC}") = "tpmodul10_103022300148", "tpmodul10_103022300148\tpmodul10_103022300148.csproj", "{FD3CA40E-879B-454D-856D-C2A9506CCA4E}"
EndProject
Global
	GlobalSection(SolutionConfigurationPlatforms) = preSolution
		Debug|Any CPU = Debug|Any CPU
		Release|Any CPU = Release|Any CPU
	EndGlobalSection
	GlobalSection(ProjectConfigurationPlatforms) = postSolution
		{FD3CA40E-879B-454D-856D-C2A9506CCA4E}.Debug|Any CPU.ActiveCfg = Debug|Any CPU
		{FD3CA40E-879B-454D-856D-C2A9506CCA4E}.Debug|Any CPU.Build.0 = Debug|Any CPU
		{FD3CA40E-879B-454D-856D-C2A9506CCA4E}.Release|Any CPU.ActiveCfg = Release|Any CPU
		{FD3CA40E-879B-454D-856D-C2A9506CCA4E}.Release|Any CPU.Build.0 = Release|Any CPU
	EndGlobalSection
	GlobalSection(SolutionProperties) = preSolution
		HideSolutionNode = FALSE
	EndGlobalSection
	GlobalSection(ExtensibilityGlobals) = postSolution
		SolutionGuid = {618C55CA-4ADB-4F38-9F9C-7A7CFB4B1ED8}
	EndGlobalSection
EndGlobal
